#
# This file is autogenerated by pip-compile with Python 3.11
# by the following command:
#
#    pip-compile --output-file=requirements.lock requirements.txt
#
annotated-types==0.7.0
    # via pydantic
anyio==4.13.0
    # via httpx
attrs==26.1.0
    # via
    #   cattrs
    #   requests-cache
beautifulsoup4==4.14.3
    # via -r requirements.txt
cachetools==6.2.6
    # via pyiceberg
cattrs==26.1.0
    # via requests-cache
certifi==2026.2.25
    # via
    #   httpcore
    #   httpx
    #   requests
cffi==2.0.0
    # via cryptography
charset-normalizer==3.4.7
    # via
    #   pdfminer-six
    #   requests
click==8.3.2
    # via pyiceberg
cryptography==46.0.7
    # via
    #   pdfminer-six
    #   pyjwt
deprecation==2.1.0
    # via
    #   postgrest
    #   storage3
dnspython==2.8.0
    # via
    #   -r requirements.txt
    #   email-validator
email-validator==2.3.0
    # via -r requirements.txt
filelock==3.29.0
    # via tldextract
fsspec==2026.3.0
    # via pyiceberg
greenlet==3.4.0
    # via playwright
h11==0.16.0
    # via httpcore
h2==4.3.0
    # via httpx
hpack==4.1.0
    # via h2
httpcore==1.0.9
    # via httpx
httpx[http2]==0.28.1
    # via
    #   -r requirements.txt
    #   postgrest
    #   storage3
    #   supabase
    #   supabase-auth
    #   supabase-functions
hyperframe==6.1.0
    # via h2
idna==3.11
    # via
    #   anyio
    #   email-validator
    #   httpx
    #   requests
    #   tldextract
    #   url-normalize
    #   yarl
lxml==6.1.0
    # via -r requirements.txt
markdown-it-py==4.0.0
    # via rich
mdurl==0.1.2
    # via markdown-it-py
mmh3==5.2.1
    # via pyiceberg
multidict==6.7.1
    # via yarl
numpy==2.4.4
    # via pandas
packaging==26.1
    # via deprecation
pandas==3.0.2
    # via -r requirements.txt
pdfminer-six==20251230
    # via pdfplumber
pdfplumber==0.11.9
    # via -r requirements.txt
pillow==12.2.0
    # via pdfplumber
platformdirs==4.9.6
    # via requests-cache
playwright==1.58.0
    # via -r requirements.txt
postgrest==2.28.3
    # via supabase
propcache==0.4.1
    # via yarl
psycopg2-binary==2.9.11
    # via -r requirements.txt
pycparser==3.0
    # via cffi
pydantic==2.13.2
    # via
    #   postgrest
    #   pyiceberg
    #   realtime
    #   storage3
    #   supabase-auth
pydantic-core==2.46.2
    # via pydantic
pyee==13.0.1
    # via playwright
pygments==2.20.0
    # via rich
pyiceberg==0.11.1
    # via storage3
pyjwt[crypto]==2.12.1
    # via supabase-auth
pyparsing==3.3.2
    # via pyiceberg
pypdfium2==5.7.0
    # via pdfplumber
pyroaring==1.0.4
    # via pyiceberg
python-dateutil==2.9.0.post0
    # via
    #   pandas
    #   strictyaml
python-dotenv==1.2.2
    # via -r requirements.txt
rapidfuzz==3.14.5
    # via -r requirements.txt
realtime==2.28.3
    # via supabase
requests==2.33.1
    # via
    #   -r requirements.txt
    #   pyiceberg
    #   requests-cache
    #   requests-file
    #   tldextract
    #   yelpapi
requests-cache==1.3.1
    # via -r requirements.txt
requests-file==3.0.1
    # via tldextract
rich==14.3.4
    # via pyiceberg
six==1.17.0
    # via python-dateutil
soupsieve==2.8.3
    # via beautifulsoup4
storage3==2.28.3
    # via supabase
strenum==0.4.15
    # via supabase-functions
strictyaml==1.7.3
    # via pyiceberg
supabase==2.28.3
    # via -r requirements.txt
supabase-auth==2.28.3
    # via supabase
supabase-functions==2.28.3
    # via supabase
tenacity==9.1.4
    # via
    #   -r requirements.txt
    #   pyiceberg
tldextract==5.3.1
    # via -r requirements.txt
typing-extensions==4.15.0
    # via
    #   anyio
    #   beautifulsoup4
    #   cattrs
    #   pydantic
    #   pydantic-core
    #   pyee
    #   realtime
    #   typing-inspection
typing-inspection==0.4.2
    # via pydantic
url-normalize==2.2.1
    # via requests-cache
urllib3==2.6.3
    # via
    #   requests
    #   requests-cache
websockets==15.0.1
    # via realtime
yarl==1.23.0
    # via
    #   postgrest
    #   storage3
    #   supabase
    #   supabase-functions
yelpapi==2.6.0
    # via -r requirements.txt
zstandard==0.25.0
    # via pyiceberg
